
Microsoft Visual Studio Solution File, Format Version 12.00
# Visual Studio Version 17
VisualStudioVersion = 17.11.35312.102
MinimumVisualStudioVersion = 10.0.40219.1
Project("{2150E333-8FDC-42A3-9474-1A3956D46DE8}") = "Task0", "Task0", "{DC37397A-8BC3-4E75-9A1D-2D1846DA9240}"
EndProject
Project("{FAE04EC0-301F-11D3-BF4B-00C04F79EFBC}") = "Tyuiu.BozhukovVP.Sprint1.Task0.V27", "Tyuiu.BozhukovVP.Sprint1.Task0.V27\Tyuiu.BozhukovVP.Sprint1.Task0.V27.csproj", "{D8E3AF93-BE22-4BC8-B476-C8B3C287C5BD}"
EndProject
Project("{FAE04EC0-301F-11D3-BF4B-00C04F79EFBC}") = "Tyuiu.BozhukovVP.Sprint1.Task0.V27.Lib", "Tyuiu.BozhukovVP.Sprint1.Task0.V27.Lib\Tyuiu.BozhukovVP.Sprint1.Task0.V27.Lib.csproj", "{33E3C5B8-A1CA-498F-BAF3-38947CEC0209}"
EndProject
Project("{FAE04EC0-301F-11D3-BF4B-00C04F79EFBC}") = "Tyuiu.BozhukovVP.Sprint1.Task0.V27.Test", "Tyuiu.BozhukovVP.Sprint1.Task0.V27.Test\Tyuiu.BozhukovVP.Sprint1.Task0.V27.Test.csproj", "{E798F36D-A76C-4179-9D20-EF4726502FA3}"
EndProject
Project("{2150E333-8FDC-42A3-9474-1A3956D46DE8}") = "Task1", "Task1", "{B47FD004-CCAC-443F-99C4-B44872516305}"
EndProject
Project("{FAE04EC0-301F-11D3-BF4B-00C04F79EFBC}") = "Tyuiu.BozhukovVP.Sprint1.Task1.V19", "Tyuiu.BozhukovVP.Sprint1.Task1.V19\Tyuiu.BozhukovVP.Sprint1.Task1.V19.csproj", "{4439E937-5F26-4191-A2F0-7F3C295C44DA}"
EndProject
Project("{FAE04EC0-301F-11D3-BF4B-00C04F79EFBC}") = "Tyuiu.BozhukovVP.Sprint1.Task1.V19.Lib", "Tyuiu.BozhukovVP.Sprint1.Task1.V19.Lib\Tyuiu.BozhukovVP.Sprint1.Task1.V19.Lib.csproj", "{689C780C-B01E-4EF6-B84B-A7E3B8EED53F}"
EndProject
Project("{FAE04EC0-301F-11D3-BF4B-00C04F79EFBC}") = "Tyuiu.BozhukovVP.Sprint1.Task1.V19.Test", "Tyuiu.BozhukovVP.Sprint1.Task1.V19.Test\Tyuiu.BozhukovVP.Sprint1.Task1.V19.Test.csproj", "{2BC51564-5593-4051-ABF1-3D6B702B80B0}"
EndProject
Project("{2150E333-8FDC-42A3-9474-1A3956D46DE8}") = "Task2", "Task2", "{2429EAC1-68FD-4A26-8BAE-9CD39844D114}"
EndProject
Project("{FAE04EC0-301F-11D3-BF4B-00C04F79EFBC}") = "Tyuiu.BozhukovVP.Sprint1.Task2.V11", "Tyuiu.BozhukovVP.Sprint1.Task2.V11\Tyuiu.BozhukovVP.Sprint1.Task2.V11.csproj", "{0CA751A7-76A9-4B0E-A034-013D098FDEAD}"
EndProject
Project("{FAE04EC0-301F-11D3-BF4B-00C04F79EFBC}") = "Tyuiu.BozhukovVP.Sprint1.Task2.V11.Lib", "Tyuiu.BozhukovVP.Sprint1.Task2.V11.Lib\Tyuiu.BozhukovVP.Sprint1.Task2.V11.Lib.csproj", "{751F9F26-07E7-4DE5-B582-556EDA352682}"
EndProject
Project("{FAE04EC0-301F-11D3-BF4B-00C04F79EFBC}") = "Tyuiu.BozhukovVP.Sprint1.Task2.V11.Test", "Tyuiu.BozhukovVP.Sprint1.Task2.V11.Test\Tyuiu.BozhukovVP.Sprint1.Task2.V11.Test.csproj", "{0545FC73-3DED-4068-B737-EEBEE8BA1291}"
EndProject
Project("{2150E333-8FDC-42A3-9474-1A3956D46DE8}") = "Task3", "Task3", "{BDC7908C-5952-43F5-A3B3-D043C01B1DCD}"
EndProject
Project("{FAE04EC0-301F-11D3-BF4B-00C04F79EFBC}") = "Tyuiu.BozhukovVP.Sprint1.Task3.V8", "Tyuiu.BozhukovVP.Sprint1.Task3.V8\Tyuiu.BozhukovVP.Sprint1.Task3.V8.csproj", "{2140167D-D145-4082-9A05-410EFF45A0C2}"
EndProject
Project("{FAE04EC0-301F-11D3-BF4B-00C04F79EFBC}") = "Tyuiu.BozhukovVP.Sprint1.Task3.V8.Lib", "Tyuiu.BozhukovVP.Sprint1.Task3.V8.Lib\Tyuiu.BozhukovVP.Sprint1.Task3.V8.Lib.csproj", "{8359E15D-80EB-4858-83EA-737C0517B0AD}"
EndProject
Project("{FAE04EC0-301F-11D3-BF4B-00C04F79EFBC}") = "Tyuiu.BozhukovVP.Sprint1.Task3.V8.Test", "Tyuiu.BozhukovVP.Sprint1.Task3.V8.Test\Tyuiu.BozhukovVP.Sprint1.Task3.V8.Test.csproj", "{5ECE8090-9C74-4FB7-9FFE-8E136DA8A12A}"
EndProject
Project("{2150E333-8FDC-42A3-9474-1A3956D46DE8}") = "Task4", "Task4", "{E7053FED-1485-43BC-9DD0-3DA0C3489DD2}"
EndProject
Project("{FAE04EC0-301F-11D3-BF4B-00C04F79EFBC}") = "Tyuiu.BozhukovVP.Sprint1.Task4.V9", "Tyuiu.BozhukovVP.Sprint1.Task4.V9\Tyuiu.BozhukovVP.Sprint1.Task4.V9.csproj", "{5A0B1B0D-9DCB-4815-9D52-EB6A55DDE77F}"
EndProject
Project("{FAE04EC0-301F-11D3-BF4B-00C04F79EFBC}") = "Tyuiu.BozhukovVP.Sprint1.Task4.V9.Lib", "Tyuiu.BozhukovVP.Sprint1.Task4.V9.Lib\Tyuiu.BozhukovVP.Sprint1.Task4.V9.Lib.csproj", "{26EF78A0-7A43-47BD-92C3-3DAB5FC8C8C5}"
EndProject
Project("{FAE04EC0-301F-11D3-BF4B-00C04F79EFBC}") = "Tyuiu.BozhukovVP.Sprint1.Task4.V9.Test", "Tyuiu.BozhukovVP.Sprint1.Task4.V9.Test\Tyuiu.BozhukovVP.Sprint1.Task4.V9.Test.csproj", "{C2CD3F22-D31E-487E-862D-729797443118}"
EndProject
Project("{2150E333-8FDC-42A3-9474-1A3956D46DE8}") = "Task5", "Task5", "{7FD387B3-8C07-4939-8D8B-25263208EECE}"
EndProject
Project("{FAE04EC0-301F-11D3-BF4B-00C04F79EFBC}") = "Tyuiu.BozhukovVP.Sprint1.Task5.V4", "Tyuiu.BozhukovVP.Sprint1.Task5.V4\Tyuiu.BozhukovVP.Sprint1.Task5.V4.csproj", "{49DEA289-C5FE-4AAA-A064-C2DB243661B2}"
EndProject
Project("{FAE04EC0-301F-11D3-BF4B-00C04F79EFBC}") = "Tyuiu.BozhukovVP.Sprint1.Task5.V4.Lib", "Tyuiu.BozhukovVP.Sprint1.Task5.V4.Lib\Tyuiu.BozhukovVP.Sprint1.Task5.V4.Lib.csproj", "{0EB68E5D-1A6B-4B44-8FD3-A63D7F089AF9}"
EndProject
Project("{FAE04EC0-301F-11D3-BF4B-00C04F79EFBC}") = "Tyuiu.BozhukovVP.Sprint1.Task5.V4.Test", "Tyuiu.BozhukovVP.Sprint1.Task5.V4.Test\Tyuiu.BozhukovVP.Sprint1.Task5.V4.Test.csproj", "{844CED6C-1E1D-4045-ABA8-561F88C1EB89}"
EndProject
Global
	GlobalSection(SolutionConfigurationPlatforms) = preSolution
		Debug|Any CPU = Debug|Any CPU
		Release|Any CPU = Release|Any CPU
	EndGlobalSection
	GlobalSection(ProjectConfigurationPlatforms) = postSolution
		{D8E3AF93-BE22-4BC8-B476-C8B3C287C5BD}.Debug|Any CPU.ActiveCfg = Debug|Any CPU
		{D8E3AF93-BE22-4BC8-B476-C8B3C287C5BD}.Debug|Any CPU.Build.0 = Debug|Any CPU
		{D8E3AF93-BE22-4BC8-B476-C8B3C287C5BD}.Release|Any CPU.ActiveCfg = Release|Any CPU
		{D8E3AF93-BE22-4BC8-B476-C8B3C287C5BD}.Release|Any CPU.Build.0 = Release|Any CPU
		{33E3C5B8-A1CA-498F-BAF3-38947CEC0209}.Debug|Any CPU.ActiveCfg = Debug|Any CPU
		{33E3C5B8-A1CA-498F-BAF3-38947CEC0209}.Debug|Any CPU.Build.0 = Debug|Any CPU
		{33E3C5B8-A1CA-498F-BAF3-38947CEC0209}.Release|Any CPU.ActiveCfg = Release|Any CPU
		{33E3C5B8-A1CA-498F-BAF3-38947CEC0209}.Release|Any CPU.Build.0 = Release|Any CPU
		{E798F36D-A76C-4179-9D20-EF4726502FA3}.Debug|Any CPU.ActiveCfg = Debug|Any CPU
		{E798F36D-A76C-4179-9D20-EF4726502FA3}.Debug|Any CPU.Build.0 = Debug|Any CPU
		{E798F36D-A76C-4179-9D20-EF4726502FA3}.Release|Any CPU.ActiveCfg = Release|Any CPU
		{E798F36D-A76C-4179-9D20-EF4726502FA3}.Release|Any CPU.Build.0 = Release|Any CPU
		{4439E937-5F26-4191-A2F0-7F3C295C44DA}.Debug|Any CPU.ActiveCfg = Debug|Any CPU
		{4439E937-5F26-4191-A2F0-7F3C295C44DA}.Debug|Any CPU.Build.0 = Debug|Any CPU
		{4439E937-5F26-4191-A2F0-7F3C295C44DA}.Release|Any CPU.ActiveCfg = Release|Any CPU
		{4439E937-5F26-4191-A2F0-7F3C295C44DA}.Release|Any CPU.Build.0 = Release|Any CPU
		{689C780C-B01E-4EF6-B84B-A7E3B8EED53F}.Debug|Any CPU.ActiveCfg = Debug|Any CPU
		{689C780C-B01E-4EF6-B84B-A7E3B8EED53F}.Debug|Any CPU.Build.0 = Debug|Any CPU
		{689C780C-B01E-4EF6-B84B-A7E3B8EED53F}.Release|Any CPU.ActiveCfg = Release|Any CPU
		{689C780C-B01E-4EF6-B84B-A7E3B8EED53F}.Release|Any CPU.Build.0 = Release|Any CPU
		{2BC51564-5593-4051-ABF1-3D6B702B80B0}.Debug|Any CPU.ActiveCfg = Debug|Any CPU
		{2BC51564-5593-4051-ABF1-3D6B702B80B0}.Debug|Any CPU.Build.0 = Debug|Any CPU
		{2BC51564-5593-4051-ABF1-3D6B702B80B0}.Release|Any CPU.ActiveCfg = Release|Any CPU
		{2BC51564-5593-4051-ABF1-3D6B702B80B0}.Release|Any CPU.Build.0 = Release|Any CPU
		{0CA751A7-76A9-4B0E-A034-013D098FDEAD}.Debug|Any CPU.ActiveCfg = Debug|Any CPU
		{0CA751A7-76A9-4B0E-A034-013D098FDEAD}.Debug|Any CPU.Build.0 = Debug|Any CPU
		{0CA751A7-76A9-4B0E-A034-013D098FDEAD}.Release|Any CPU.ActiveCfg = Release|Any CPU
		{0CA751A7-76A9-4B0E-A034-013D098FDEAD}.Release|Any CPU.Build.0 = Release|Any CPU
		{751F9F26-07E7-4DE5-B582-556EDA352682}.Debug|Any CPU.ActiveCfg = Debug|Any CPU
		{751F9F26-07E7-4DE5-B582-556EDA352682}.Debug|Any CPU.Build.0 = Debug|Any CPU
		{751F9F26-07E7-4DE5-B582-556EDA352682}.Release|Any CPU.ActiveCfg = Release|Any CPU
		{751F9F26-07E7-4DE5-B582-556EDA352682}.Release|Any CPU.Build.0 = Release|Any CPU
		{0545FC73-3DED-4068-B737-EEBEE8BA1291}.Debug|Any CPU.ActiveCfg = Debug|Any CPU
		{0545FC73-3DED-4068-B737-EEBEE8BA1291}.Debug|Any CPU.Build.0 = Debug|Any CPU
		{0545FC73-3DED-4068-B737-EEBEE8BA1291}.Release|Any CPU.ActiveCfg = Release|Any CPU
		{0545FC73-3DED-4068-B737-EEBEE8BA1291}.Release|Any CPU.Build.0 = Release|Any CPU
		{2140167D-D145-4082-9A05-410EFF45A0C2}.Debug|Any CPU.ActiveCfg = Debug|Any CPU
		{2140167D-D145-4082-9A05-410EFF45A0C2}.Debug|Any CPU.Build.0 = Debug|Any CPU
		{2140167D-D145-4082-9A05-410EFF45A0C2}.Release|Any CPU.ActiveCfg = Release|Any CPU
		{2140167D-D145-4082-9A05-410EFF45A0C2}.Release|Any CPU.Build.0 = Release|Any CPU
		{8359E15D-80EB-4858-83EA-737C0517B0AD}.Debug|Any CPU.ActiveCfg = Debug|Any CPU
		{8359E15D-80EB-4858-83EA-737C0517B0AD}.Debug|Any CPU.Build.0 = Debug|Any CPU
		{8359E15D-80EB-4858-83EA-737C0517B0AD}.Release|Any CPU.ActiveCfg = Release|Any CPU
		{8359E15D-80EB-4858-83EA-737C0517B0AD}.Release|Any CPU.Build.0 = Release|Any CPU
		{5ECE8090-9C74-4FB7-9FFE-8E136DA8A12A}.Debug|Any CPU.ActiveCfg = Debug|Any CPU
		{5ECE8090-9C74-4FB7-9FFE-8E136DA8A12A}.Debug|Any CPU.Build.0 = Debug|Any CPU
		{5ECE8090-9C74-4FB7-9FFE-8E136DA8A12A}.Release|Any CPU.ActiveCfg = Release|Any CPU
		{5ECE8090-9C74-4FB7-9FFE-8E136DA8A12A}.Release|Any CPU.Build.0 = Release|Any CPU
		{5A0B1B0D-9DCB-4815-9D52-EB6A55DDE77F}.Debug|Any CPU.ActiveCfg = Debug|Any CPU
		{5A0B1B0D-9DCB-4815-9D52-EB6A55DDE77F}.Debug|Any CPU.Build.0 = Debug|Any CPU
		{5A0B1B0D-9DCB-4815-9D52-EB6A55DDE77F}.Release|Any CPU.ActiveCfg = Release|Any CPU
		{5A0B1B0D-9DCB-4815-9D52-EB6A55DDE77F}.Release|Any CPU.Build.0 = Release|Any CPU
		{26EF78A0-7A43-47BD-92C3-3DAB5FC8C8C5}.Debug|Any CPU.ActiveCfg = Debug|Any CPU
		{26EF78A0-7A43-47BD-92C3-3DAB5FC8C8C5}.Debug|Any CPU.Build.0 = Debug|Any CPU
		{26EF78A0-7A43-47BD-92C3-3DAB5FC8C8C5}.Release|Any CPU.ActiveCfg = Release|Any CPU
		{26EF78A0-7A43-47BD-92C3-3DAB5FC8C8C5}.Release|Any CPU.Build.0 = Release|Any CPU
		{C2CD3F22-D31E-487E-862D-729797443118}.Debug|Any CPU.ActiveCfg = Debug|Any CPU
		{C2CD3F22-D31E-487E-862D-729797443118}.Debug|Any CPU.Build.0 = Debug|Any CPU
		{C2CD3F22-D31E-487E-862D-729797443118}.Release|Any CPU.ActiveCfg = Release|Any CPU
		{C2CD3F22-D31E-487E-862D-729797443118}.Release|Any CPU.Build.0 = Release|Any CPU
		{49DEA289-C5FE-4AAA-A064-C2DB243661B2}.Debug|Any CPU.ActiveCfg = Debug|Any CPU
		{49DEA289-C5FE-4AAA-A064-C2DB243661B2}.Debug|Any CPU.Build.0 = Debug|Any CPU
		{49DEA289-C5FE-4AAA-A064-C2DB243661B2}.Release|Any CPU.ActiveCfg = Release|Any CPU
		{49DEA289-C5FE-4AAA-A064-C2DB243661B2}.Release|Any CPU.Build.0 = Release|Any CPU
		{0EB68E5D-1A6B-4B44-8FD3-A63D7F089AF9}.Debug|Any CPU.ActiveCfg = Debug|Any CPU
		{0EB68E5D-1A6B-4B44-8FD3-A63D7F089AF9}.Debug|Any CPU.Build.0 = Debug|Any CPU
		{0EB68E5D-1A6B-4B44-8FD3-A63D7F089AF9}.Release|Any CPU.ActiveCfg = Release|Any CPU
		{0EB68E5D-1A6B-4B44-8FD3-A63D7F089AF9}.Release|Any CPU.Build.0 = Release|Any CPU
		{844CED6C-1E1D-4045-ABA8-561F88C1EB89}.Debug|Any CPU.ActiveCfg = Debug|Any CPU
		{844CED6C-1E1D-4045-ABA8-561F88C1EB89}.Debug|Any CPU.Build.0 = Debug|Any CPU
		{844CED6C-1E1D-4045-ABA8-561F88C1EB89}.Release|Any CPU.ActiveCfg = Release|Any CPU
		{844CED6C-1E1D-4045-ABA8-561F88C1EB89}.Release|Any CPU.Build.0 = Release|Any CPU
	EndGlobalSection
	GlobalSection(SolutionProperties) = preSolution
		HideSolutionNode = FALSE
	EndGlobalSection
	GlobalSection(NestedProjects) = preSolution
		{D8E3AF93-BE22-4BC8-B476-C8B3C287C5BD} = {DC37397A-8BC3-4E75-9A1D-2D1846DA9240}
		{33E3C5B8-A1CA-498F-BAF3-38947CEC0209} = {DC37397A-8BC3-4E75-9A1D-2D1846DA9240}
		{E798F36D-A76C-4179-9D20-EF4726502FA3} = {DC37397A-8BC3-4E75-9A1D-2D1846DA9240}
		{4439E937-5F26-4191-A2F0-7F3C295C44DA} = {B47FD004-CCAC-443F-99C4-B44872516305}
		{689C780C-B01E-4EF6-B84B-A7E3B8EED53F} = {B47FD004-CCAC-443F-99C4-B44872516305}
		{2BC51564-5593-4051-ABF1-3D6B702B80B0} = {B47FD004-CCAC-443F-99C4-B44872516305}
		{0CA751A7-76A9-4B0E-A034-013D098FDEAD} = {2429EAC1-68FD-4A26-8BAE-9CD39844D114}
		{751F9F26-07E7-4DE5-B582-556EDA352682} = {2429EAC1-68FD-4A26-8BAE-9CD39844D114}
		{0545FC73-3DED-4068-B737-EEBEE8BA1291} = {2429EAC1-68FD-4A26-8BAE-9CD39844D114}
		{2140167D-D145-4082-9A05-410EFF45A0C2} = {BDC7908C-5952-43F5-A3B3-D043C01B1DCD}
		{8359E15D-80EB-4858-83EA-737C0517B0AD} = {BDC7908C-5952-43F5-A3B3-D043C01B1DCD}
		{5ECE8090-9C74-4FB7-9FFE-8E136DA8A12A} = {BDC7908C-5952-43F5-A3B3-D043C01B1DCD}
		{5A0B1B0D-9DCB-4815-9D52-EB6A55DDE77F} = {E7053FED-1485-43BC-9DD0-3DA0C3489DD2}
		{26EF78A0-7A43-47BD-92C3-3DAB5FC8C8C5} = {E7053FED-1485-43BC-9DD0-3DA0C3489DD2}
		{C2CD3F22-D31E-487E-862D-729797443118} = {E7053FED-1485-43BC-9DD0-3DA0C3489DD2}
		{49DEA289-C5FE-4AAA-A064-C2DB243661B2} = {7FD387B3-8C07-4939-8D8B-25263208EECE}
		{0EB68E5D-1A6B-4B44-8FD3-A63D7F089AF9} = {7FD387B3-8C07-4939-8D8B-25263208EECE}
		{844CED6C-1E1D-4045-ABA8-561F88C1EB89} = {7FD387B3-8C07-4939-8D8B-25263208EECE}
	EndGlobalSection
	GlobalSection(ExtensibilityGlobals) = postSolution
		SolutionGuid = {4B15125D-B2E1-4E9D-B090-7B2F97C6C4F7}
	EndGlobalSection
EndGlobal
